
Microsoft Visual Studio Solution File, Format Version 12.00
# Visual Studio 2013
VisualStudioVersion = 12.0.21005.1
MinimumVisualStudioVersion = 10.0.40219.1
Project("{FAE04EC0-301F-11D3-BF4B-00C04F79EFBC}") = "WebFormsApplication", "WebFormsApplication\WebFormsApplication.csproj", "{15B4A672-2733-4A73-B619-6B36AC5C5059}"
EndProject
Project("{FAE04EC0-301F-11D3-BF4B-00C04F79EFBC}") = "ProjectFees", "ProjectFees\ProjectFees.csproj", "{F6CE759B-33C8-43C1-B8D0-A597A4CF42AB}"
EndProject
Global
	GlobalSection(SolutionConfigurationPlatforms) = preSolution
		Debug|Any CPU = Debug|Any CPU
		Release|Any CPU = Release|Any CPU
	EndGlobalSection
	GlobalSection(ProjectConfigurationPlatforms) = postSolution
		{15B4A672-2733-4A73-B619-6B36AC5C5059}.Debug|Any CPU.ActiveCfg = Debug|Any CPU
		{15B4A672-2733-4A73-B619-6B36AC5C5059}.Debug|Any CPU.Build.0 = Debug|Any CPU
		{15B4A672-2733-4A73-B619-6B36AC5C5059}.Release|Any CPU.ActiveCfg = Release|Any CPU
		{15B4A672-2733-4A73-B619-6B36AC5C5059}.Release|Any CPU.Build.0 = Release|Any CPU
		{F6CE759B-33C8-43C1-B8D0-A597A4CF42AB}.Debug|Any CPU.ActiveCfg = Debug|Any CPU
		{F6CE759B-33C8-43C1-B8D0-A597A4CF42AB}.Debug|Any CPU.Build.0 = Debug|Any CPU
		{F6CE759B-33C8-43C1-B8D0-A597A4CF42AB}.Release|Any CPU.ActiveCfg = Release|Any CPU
		{F6CE759B-33C8-43C1-B8D0-A597A4CF42AB}.Release|Any CPU.Build.0 = Release|Any CPU
	EndGlobalSection
	GlobalSection(SolutionProperties) = preSolution
		HideSolutionNode = FALSE
	EndGlobalSection
EndGlobal
